
Microsoft Visual Studio Solution File, Format Version 12.00
# Visual Studio Version 16
VisualStudioVersion = 16.0.30717.126
MinimumVisualStudioVersion = 10.0.40219.1
Project("{8BC9CEB8-8B4A-11D0-8D11-00A0C91BC942}") = "CopyFileProgressBar", "CopyFileProgressBar\CopyFileProgressBar.vcxproj", "{5BBAAB51-16D3-4599-B951-63E290C09143}"
EndProject
Global
	GlobalSection(SolutionConfigurationPlatforms) = preSolution
		Debug|x64 = Debug|x64
		Debug|x86 = Debug|x86
		Release|x64 = Release|x64
		Release|x86 = Release|x86
	EndGlobalSection
	GlobalSection(ProjectConfigurationPlatforms) = postSolution
		{5BBAAB51-16D3-4599-B951-63E290C09143}.Debug|x64.ActiveCfg = Debug|x64
		{5BBAAB51-16D3-4599-B951-63E290C09143}.Debug|x64.Build.0 = Debug|x64
		{5BBAAB51-16D3-4599-B951-63E290C09143}.Debug|x86.ActiveCfg = Debug|Win32
		{5BBAAB51-16D3-4599-B951-63E290C09143}.Debug|x86.Build.0 = Debug|Win32
		{5BBAAB51-16D3-4599-B951-63E290C09143}.Release|x64.ActiveCfg = Release|x64
		{5BBAAB51-16D3-4599-B951-63E290C09143}.Release|x64.Build.0 = Release|x64
		{5BBAAB51-16D3-4599-B951-63E290C09143}.Release|x86.ActiveCfg = Release|Win32
		{5BBAAB51-16D3-4599-B951-63E290C09143}.Release|x86.Build.0 = Release|Win32
	EndGlobalSection
	GlobalSection(SolutionProperties) = preSolution
		HideSolutionNode = FALSE
	EndGlobalSection
	GlobalSection(ExtensibilityGlobals) = postSolution
		SolutionGuid = {78A24233-FF73-47A3-AB7B-084054DFDD25}
	EndGlobalSection
EndGlobal
